
Microsoft Visual Studio Solution File, Format Version 12.00
Project("{2150E333-8FDC-42A3-9474-1A3956D46DE8}") = "1. Project", "1. Project", "{8D193D0B-C499-4792-ABEE-6A7BD82A15E7}"
EndProject
Project("{2150E333-8FDC-42A3-9474-1A3956D46DE8}") = "2. Feature", "2. Feature", "{FA2A214C-96A5-45CC-BC7D-F9A07ACDC831}"
EndProject
Project("{FAE04EC0-301F-11D3-BF4B-00C04F79EFBC}") = "Sandbox", "Sandbox\Sandbox.csproj", "{66BA916A-6E51-4169-88E5-5B38DAE41702}"
EndProject
Project("{FAE04EC0-301F-11D3-BF4B-00C04F79EFBC}") = "TinyCsvParser.Optional", "TinyCsvParser.Optional\TinyCsvParser.Optional.csproj", "{F82E7598-C3C9-477C-9D09-2180106B4A90}"
EndProject
Project("{FAE04EC0-301F-11D3-BF4B-00C04F79EFBC}") = "TinyCsvParser.Optional.Tests", "TinyCsvParser.Optional.Tests\TinyCsvParser.Optional.Tests.csproj", "{93F11FEE-BD23-4A7A-907E-D27E0D0DA8DA}"
EndProject
Project("{2150E333-8FDC-42A3-9474-1A3956D46DE8}") = "0. Tooling", "0. Tooling", "{49D66206-0BFD-46FF-890E-933AE76633DD}"
	ProjectSection(SolutionItems) = preProject
		..\build.cake = ..\build.cake
		..\nuget\TinyCsvParser.Optional.nuspec = ..\nuget\TinyCsvParser.Optional.nuspec
		..\README.md = ..\README.md
		..\LICENSE = ..\LICENSE
	EndProjectSection
EndProject
Global
	GlobalSection(SolutionConfigurationPlatforms) = preSolution
		Debug|Any CPU = Debug|Any CPU
		Release|Any CPU = Release|Any CPU
	EndGlobalSection
	GlobalSection(NestedProjects) = preSolution
		{66BA916A-6E51-4169-88E5-5B38DAE41702} = {8D193D0B-C499-4792-ABEE-6A7BD82A15E7}
		{F82E7598-C3C9-477C-9D09-2180106B4A90} = {FA2A214C-96A5-45CC-BC7D-F9A07ACDC831}
		{93F11FEE-BD23-4A7A-907E-D27E0D0DA8DA} = {FA2A214C-96A5-45CC-BC7D-F9A07ACDC831}
	EndGlobalSection
	GlobalSection(ProjectConfigurationPlatforms) = postSolution
		{66BA916A-6E51-4169-88E5-5B38DAE41702}.Debug|Any CPU.ActiveCfg = Debug|Any CPU
		{66BA916A-6E51-4169-88E5-5B38DAE41702}.Debug|Any CPU.Build.0 = Debug|Any CPU
		{66BA916A-6E51-4169-88E5-5B38DAE41702}.Release|Any CPU.ActiveCfg = Release|Any CPU
		{66BA916A-6E51-4169-88E5-5B38DAE41702}.Release|Any CPU.Build.0 = Release|Any CPU
		{F82E7598-C3C9-477C-9D09-2180106B4A90}.Debug|Any CPU.ActiveCfg = Debug|Any CPU
		{F82E7598-C3C9-477C-9D09-2180106B4A90}.Debug|Any CPU.Build.0 = Debug|Any CPU
		{F82E7598-C3C9-477C-9D09-2180106B4A90}.Release|Any CPU.ActiveCfg = Release|Any CPU
		{F82E7598-C3C9-477C-9D09-2180106B4A90}.Release|Any CPU.Build.0 = Release|Any CPU
		{93F11FEE-BD23-4A7A-907E-D27E0D0DA8DA}.Debug|Any CPU.ActiveCfg = Debug|Any CPU
		{93F11FEE-BD23-4A7A-907E-D27E0D0DA8DA}.Debug|Any CPU.Build.0 = Debug|Any CPU
		{93F11FEE-BD23-4A7A-907E-D27E0D0DA8DA}.Release|Any CPU.ActiveCfg = Release|Any CPU
		{93F11FEE-BD23-4A7A-907E-D27E0D0DA8DA}.Release|Any CPU.Build.0 = Release|Any CPU
	EndGlobalSection
EndGlobal
